
Microsoft Visual Studio Solution File, Format Version 12.00
# Visual Studio Version 17
VisualStudioVersion = 17.11.35222.181
MinimumVisualStudioVersion = 10.0.40219.1
Project("{FAE04EC0-301F-11D3-BF4B-00C04F79EFBC}") = "UIS", "UIS.csproj", "{7B0C4F54-D91F-4BCB-BB85-D26219A8E791}"
EndProject
Global
	GlobalSection(SolutionConfigurationPlatforms) = preSolution
		Debug|Any CPU = Debug|Any CPU
		Release|Any CPU = Release|Any CPU
	EndGlobalSection
	GlobalSection(ProjectConfigurationPlatforms) = postSolution
		{7B0C4F54-D91F-4BCB-BB85-D26219A8E791}.Debug|Any CPU.ActiveCfg = Debug|Any CPU
		{7B0C4F54-D91F-4BCB-BB85-D26219A8E791}.Debug|Any CPU.Build.0 = Debug|Any CPU
		{7B0C4F54-D91F-4BCB-BB85-D26219A8E791}.Release|Any CPU.ActiveCfg = Release|Any CPU
		{7B0C4F54-D91F-4BCB-BB85-D26219A8E791}.Release|Any CPU.Build.0 = Release|Any CPU
	EndGlobalSection
	GlobalSection(SolutionProperties) = preSolution
		HideSolutionNode = FALSE
	EndGlobalSection
	GlobalSection(ExtensibilityGlobals) = postSolution
		SolutionGuid = {6D17C3CD-4F6B-4FB2-93F2-88506A1573D7}
	EndGlobalSection
EndGlobal
